
Microsoft Visual Studio Solution File, Format Version 12.00
# Visual Studio Version 17
VisualStudioVersion = 17.11.35219.272
MinimumVisualStudioVersion = 10.0.40219.1
Project("{FAE04EC0-301F-11D3-BF4B-00C04F79EFBC}") = "Rick ASCII", "Rick ASCII\Rick ASCII.csproj", "{7CD660FD-08EC-45F0-A859-E69265A912C5}"
EndProject
Global
	GlobalSection(SolutionConfigurationPlatforms) = preSolution
		Debug|Any CPU = Debug|Any CPU
		Release|Any CPU = Release|Any CPU
	EndGlobalSection
	GlobalSection(ProjectConfigurationPlatforms) = postSolution
		{7CD660FD-08EC-45F0-A859-E69265A912C5}.Debug|Any CPU.ActiveCfg = Debug|Any CPU
		{7CD660FD-08EC-45F0-A859-E69265A912C5}.Debug|Any CPU.Build.0 = Debug|Any CPU
		{7CD660FD-08EC-45F0-A859-E69265A912C5}.Release|Any CPU.ActiveCfg = Release|Any CPU
		{7CD660FD-08EC-45F0-A859-E69265A912C5}.Release|Any CPU.Build.0 = Release|Any CPU
	EndGlobalSection
	GlobalSection(SolutionProperties) = preSolution
		HideSolutionNode = FALSE
	EndGlobalSection
	GlobalSection(ExtensibilityGlobals) = postSolution
		SolutionGuid = {670149A5-0DD6-46CF-AC79-F53C8EE9FA88}
	EndGlobalSection
EndGlobal
